// !$*UTF8*$!
{
	archiveVersion = 1;
	classes = {
	};
	objectVersion = 55;
	objects = {

/* Begin PBXBuildFile section */
		E1F440022808003D00246029 /* T4.c in Sources */ = {isa = PBXBuildFile; fileRef = E1F440012808003D00246029 /* T4.c */; };
		E1F440042808063700246029 /* T5.c in Sources */ = {isa = PBXBuildFile; fileRef = E1F440032808063700246029 /* T5.c */; };
		E1F440062808082C00246029 /* T6.c in Sources */ = {isa = PBXBuildFile; fileRef = E1F440052808082C00246029 /* T6.c */; };
		E1F4400A2808203300246029 /* T7.c in Sources */ = {isa = PBXBuildFile; fileRef = E1F440092808203300246029 /* T7.c */; };
		E1F4400C28082CA600246029 /* T8.c in Sources */ = {isa = PBXBuildFile; fileRef = E1F4400B28082CA600246029 /* T8.c */; };
/* End PBXBuildFile section */

/* Begin PBXCopyFilesBuildPhase section */
		E1F43FF42807F43100246029 /* CopyFiles */ = {
			isa = PBXCopyFilesBuildPhase;
			buildActionMask = 2147483647;
			dstPath = /usr/share/man/man1/;
			dstSubfolderSpec = 0;
			files = (
			);
			runOnlyForDeploymentPostprocessing = 1;
		};
/* End PBXCopyFilesBuildPhase section */

/* Begin PBXFileReference section */
		E1F43FF62807F43100246029 /* c_learn */ = {isa = PBXFileReference; explicitFileType = "compiled.mach-o.executable"; includeInIndex = 0; path = c_learn; sourceTree = BUILT_PRODUCTS_DIR; };
		E1F440012808003D00246029 /* T4.c */ = {isa = PBXFileReference; lastKnownFileType = sourcecode.c.c; path = T4.c; sourceTree = "<group>"; };
		E1F440032808063700246029 /* T5.c */ = {isa = PBXFileReference; lastKnownFileType = sourcecode.c.c; path = T5.c; sourceTree = "<group>"; };
		E1F440052808082C00246029 /* T6.c */ = {isa = PBXFileReference; lastKnownFileType = sourcecode.c.c; path = T6.c; sourceTree = "<group>"; };
		E1F440092808203300246029 /* T7.c */ = {isa = PBXFileReference; lastKnownFileType = sourcecode.c.c; path = T7.c; sourceTree = "<group>"; };
		E1F4400B28082CA600246029 /* T8.c */ = {isa = PBXFileReference; lastKnownFileType = sourcecode.c.c; path = T8.c; sourceTree = "<group>"; };
/* End PBXFileReference section */

/* Begin PBXFrameworksBuildPhase section */
		E1F43FF32807F43100246029 /* Frameworks */ = {
			isa = PBXFrameworksBuildPhase;
			buildActionMask = 2147483647;
			files = (
			);
			runOnlyForDeploymentPostprocessing = 0;
		};
/* End PBXFrameworksBuildPhase section */

/* Begin PBXGroup section */
		E1F43FED2807F43100246029 = {
			isa = PBXGroup;
			children = (
				E1F43FF82807F43100246029 /* c_learn */,
				E1F43FF72807F43100246029 /* Products */,
			);
			sourceTree = "<group>";
		};
		E1F43FF72807F43100246029 /* Products */ = {
			isa = PBXGroup;
			children = (
				E1F43FF62807F43100246029 /* c_learn */,
			);
			name = Products;
			sourceTree = "<group>";
		};
		E1F43FF82807F43100246029 /* c_learn */ = {
			isa = PBXGroup;
			children = (
				E1F440012808003D00246029 /* T4.c */,
				E1F440032808063700246029 /* T5.c */,
				E1F440052808082C00246029 /* T6.c */,
				E1F440092808203300246029 /* T7.c */,
				E1F4400B28082CA600246029 /* T8.c */,
			);
			path = c_learn;
			sourceTree = "<group>";
		};
/* End PBXGroup section */

/* Begin PBXNativeTarget section */
		E1F43FF52807F43100246029 /* c_learn */ = {
			isa = PBXNativeTarget;
			buildConfigurationList = E1F43FFD2807F43100246029 /* Build configuration list for PBXNativeTarget "c_learn" */;
			buildPhases = (
				E1F43FF22807F43100246029 /* Sources */,
				E1F43FF32807F43100246029 /* Frameworks */,
				E1F43FF42807F43100246029 /* CopyFiles */,
			);
			buildRules = (
			);
			dependencies = (
			);
			name = c_learn;
			productName = c_learn;
			productReference = E1F43FF62807F43100246029 /* c_learn */;
			productType = "com.apple.product-type.tool";
		};
/* End PBXNativeTarget section */

/* Begin PBXProject section */
		E1F43FEE2807F43100246029 /* Project object */ = {
			isa = PBXProject;
			attributes = {
				BuildIndependentTargetsInParallel = 1;
				LastUpgradeCheck = 1330;
				TargetAttributes = {
					E1F43FF52807F43100246029 = {
						CreatedOnToolsVersion = 13.3.1;
					};
				};
			};
			buildConfigurationList = E1F43FF12807F43100246029 /* Build configuration list for PBXProject "c_learn" */;
			compatibilityVersion = "Xcode 13.0";
			developmentRegion = en;
			hasScannedForEncodings = 0;
			knownRegions = (
				en,
				Base,
			);
			mainGroup = E1F43FED2807F43100246029;
			productRefGroup = E1F43FF72807F43100246029 /* Products */;
			projectDirPath = "";
			projectRoot = "";
			targets = (
				E1F43FF52807F43100246029 /* c_learn */,
			);
		};
/* End PBXProject section */

/* Begin PBXSourcesBuildPhase section */
		E1F43FF22807F43100246029 /* Sources */ = {
			isa = PBXSourcesBuildPhase;
			buildActionMask = 2147483647;
			files = (
				E1F4400A2808203300246029 /* T7.c in Sources */,
				E1F440022808003D00246029 /* T4.c in Sources */,
				E1F440042808063700246029 /* T5.c in Sources */,
				E1F440062808082C00246029 /* T6.c in Sources */,
				E1F4400C28082CA600246029 /* T8.c in Sources */,
			);
			runOnlyForDeploymentPostprocessing = 0;
		};
/* End PBXSourcesBuildPhase section */

/* Begin XCBuildConfiguration section */
		E1F43FFB2807F43100246029 /* Debug */ = {
			isa = XCBuildConfiguration;
			buildSettings = {
				ALWAYS_SEARCH_USER_PATHS = NO;
				CLANG_ANALYZER_NONNULL = YES;
				CLANG_ANALYZER_NUMBER_OBJECT_CONVERSION = YES_AGGRESSIVE;
				CLANG_CXX_LANGUAGE_STANDARD = "gnu++17";
				CLANG_ENABLE_MODULES = YES;
				CLANG_ENABLE_OBJC_ARC = YES;
				CLANG_ENABLE_OBJC_WEAK = YES;
				CLANG_WARN_BLOCK_CAPTURE_AUTORELEASING = YES;
				CLANG_WARN_BOOL_CONVERSION = YES;
				CLANG_WARN_COMMA = YES;
				CLANG_WARN_CONSTANT_CONVERSION = YES;
				CLANG_WARN_DEPRECATED_OBJC_IMPLEMENTATIONS = YES;
				CLANG_WARN_DIRECT_OBJC_ISA_USAGE = YES_ERROR;
				CLANG_WARN_DOCUMENTATION_COMMENTS = YES;
				CLANG_WARN_EMPTY_BODY = YES;
				CLANG_WARN_ENUM_CONVERSION = YES;
				CLANG_WARN_INFINITE_RECURSION = YES;
				CLANG_WARN_INT_CONVERSION = YES;
				CLANG_WARN_NON_LITERAL_NULL_CONVERSION = YES;
				CLANG_WARN_OBJC_IMPLICIT_RETAIN_SELF = YES;
				CLANG_WARN_OBJC_LITERAL_CONVERSION = YES;
				CLANG_WARN_OBJC_ROOT_CLASS = YES_ERROR;
				CLANG_WARN_QUOTED_INCLUDE_IN_FRAMEWORK_HEADER = YES;
				CLANG_WARN_RANGE_LOOP_ANALYSIS = YES;
				CLANG_WARN_STRICT_PROTOTYPES = YES;
				CLANG_WARN_SUSPICIOUS_MOVE = YES;
				CLANG_WARN_UNGUARDED_AVAILABILITY = YES_AGGRESSIVE;
				CLANG_WARN_UNREACHABLE_CODE = YES;
				CLANG_WARN__DUPLICATE_METHOD_MATCH = YES;
				COPY_PHASE_STRIP = NO;
				DEBUG_INFORMATION_FORMAT = dwarf;
				ENABLE_STRICT_OBJC_MSGSEND = YES;
				ENABLE_TESTABILITY = YES;
				GCC_C_LANGUAGE_STANDARD = gnu11;
				GCC_DYNAMIC_NO_PIC = NO;
				GCC_NO_COMMON_BLOCKS = YES;
				GCC_OPTIMIZATION_LEVEL = 0;
				GCC_PREPROCESSOR_DEFINITIONS = (
					"DEBUG=1",
					"$(inherited)",
				);
				GCC_WARN_64_TO_32_BIT_CONVERSION = YES;
				GCC_WARN_ABOUT_RETURN_TYPE = YES_ERROR;
				GCC_WARN_UNDECLARED_SELECTOR = YES;
				GCC_WARN_UNINITIALIZED_AUTOS = YES_AGGRESSIVE;
				GCC_WARN_UNUSED_FUNCTION = YES;
				GCC_WARN_UNUSED_VARIABLE = YES;
				MACOSX_DEPLOYMENT_TARGET = 12.3;
				MTL_ENABLE_DEBUG_INFO = INCLUDE_SOURCE;
				MTL_FAST_MATH = YES;
				ONLY_ACTIVE_ARCH = YES;
				SDKROOT = macosx;
			};
			name = Debug;
		};
		E1F43FFC2807F43100246029 /* Release */ = {
			isa = XCBuildConfiguration;
			buildSettings = {
				ALWAYS_SEARCH_USER_PATHS = NO;
				CLANG_ANALYZER_NONNULL = YES;
				CLANG_ANALYZER_NUMBER_OBJECT_CONVERSION = YES_AGGRESSIVE;
				CLANG_CXX_LANGUAGE_STANDARD = "gnu++17";
				CLANG_ENABLE_MODULES = YES;
				CLANG_ENABLE_OBJC_ARC = YES;
				CLANG_ENABLE_OBJC_WEAK = YES;
				CLANG_WARN_BLOCK_CAPTURE_AUTORELEASING = YES;
				CLANG_WARN_BOOL_CONVERSION = YES;
				CLANG_WARN_COMMA = YES;
				CLANG_WARN_CONSTANT_CONVERSION = YES;
				CLANG_WARN_DEPRECATED_OBJC_IMPLEMENTATIONS = YES;
				CLANG_WARN_DIRECT_OBJC_ISA_USAGE = YES_ERROR;
				CLANG_WARN_DOCUMENTATION_COMMENTS = YES;
				CLANG_WARN_EMPTY_BODY = YES;
				CLANG_WARN_ENUM_CONVERSION = YES;
				CLANG_WARN_INFINITE_RECURSION = YES;
				CLANG_WARN_INT_CONVERSION = YES;
				CLANG_WARN_NON_LITERAL_NULL_CONVERSION = YES;
				CLANG_WARN_OBJC_IMPLICIT_RETAIN_SELF = YES;
				CLANG_WARN_OBJC_LITERAL_CONVERSION = YES;
				CLANG_WARN_OBJC_ROOT_CLASS = YES_ERROR;
				CLANG_WARN_QUOTED_INCLUDE_IN_FRAMEWORK_HEADER = YES;
				CLANG_WARN_RANGE_LOOP_ANALYSIS = YES;
				CLANG_WARN_STRICT_PROTOTYPES = YES;
				CLANG_WARN_SUSPICIOUS_MOVE = YES;
				CLANG_WARN_UNGUARDED_AVAILABILITY = YES_AGGRESSIVE;
				CLANG_WARN_UNREACHABLE_CODE = YES;
				CLANG_WARN__DUPLICATE_METHOD_MATCH = YES;
				COPY_PHASE_STRIP = NO;
				DEBUG_INFORMATION_FORMAT = "dwarf-with-dsym";
				ENABLE_NS_ASSERTIONS = NO;
				ENABLE_STRICT_OBJC_MSGSEND = YES;
				GCC_C_LANGUAGE_STANDARD = gnu11;
				GCC_NO_COMMON_BLOCKS = YES;
				GCC_WARN_64_TO_32_BIT_CONVERSION = YES;
				GCC_WARN_ABOUT_RETURN_TYPE = YES_ERROR;
				GCC_WARN_UNDECLARED_SELECTOR = YES;
				GCC_WARN_UNINITIALIZED_AUTOS = YES_AGGRESSIVE;
				GCC_WARN_UNUSED_FUNCTION = YES;
				GCC_WARN_UNUSED_VARIABLE = YES;
				MACOSX_DEPLOYMENT_TARGET = 12.3;
				MTL_ENABLE_DEBUG_INFO = NO;
				MTL_FAST_MATH = YES;
				SDKROOT = macosx;
			};
			name = Release;
		};
		E1F43FFE2807F43100246029 /* Debug */ = {
			isa = XCBuildConfiguration;
			buildSettings = {
				CODE_SIGN_STYLE = Automatic;
				PRODUCT_NAME = "$(TARGET_NAME)";
			};
			name = Debug;
		};
		E1F43FFF2807F43100246029 /* Release */ = {
			isa = XCBuildConfiguration;
			buildSettings = {
				CODE_SIGN_STYLE = Automatic;
				PRODUCT_NAME = "$(TARGET_NAME)";
			};
			name = Release;
		};
/* End XCBuildConfiguration section */

/* Begin XCConfigurationList section */
		E1F43FF12807F43100246029 /* Build configuration list for PBXProject "c_learn" */ = {
			isa = XCConfigurationList;
			buildConfigurations = (
				E1F43FFB2807F43100246029 /* Debug */,
				E1F43FFC2807F43100246029 /* Release */,
			);
			defaultConfigurationIsVisible = 0;
			defaultConfigurationName = Release;
		};
		E1F43FFD2807F43100246029 /* Build configuration list for PBXNativeTarget "c_learn" */ = {
			isa = XCConfigurationList;
			buildConfigurations = (
				E1F43FFE2807F43100246029 /* Debug */,
				E1F43FFF2807F43100246029 /* Release */,
			);
			defaultConfigurationIsVisible = 0;
			defaultConfigurationName = Release;
		};
/* End XCConfigurationList section */
	};
	rootObject = E1F43FEE2807F43100246029 /* Project object */;
}
