// !$*UTF8*$!
{
	archiveVersion = 1;
	classes = {
	};
	objectVersion = 55;
	objects = {

/* Begin PBXBuildFile section */
		E1F440022808003D00246029 /* T4.c in Sources */ = {isa = PBXBuildFile; fileRef = E1F440012808003D00246029 /* T4.c */; };
		E1F440042808063700246029 /* T5.c in Sources */ = {isa = PBXBuildFile; fileRef = E1F440032808063700246029 /* T5.c */; };
		E1F440062808082C00246029 /* T6.c in Sources */ = {isa = PBXBuildFile; fileRef = E1F440052808082C00246029 /* T6.c */; };
		E1F4400A2808203300246029 /* T7.c in Sources */ = {isa = PBXBuildFile; fileRef = E1F440092808203300246029 /* T7.c */; };
		E1F4400C28082CA600246029 /* T8.c in Sources */ = {isa = PBXBuildFile; fileRef = E1F4400B28082CA600246029 /* T8.c */; };
		E1F4400E2808412900246029 /* T9.c in Sources */ = {isa = PBXBuildFile; fileRef = E1F4400D2808412900246029 /* T9.c */; };
		E1F440112809482600246029 /* T10.c in Sources */ = {isa = PBXBuildFile; fileRef = E1F440102809482600246029 /* T10.c */; };
		E1F440132809508600246029 /* T11.c in Sources */ = {isa = PBXBuildFile; fileRef = E1F440122809508600246029 /* T11.c */; };
		E1F44015280D055C00246029 /* T12.cpp in Sources */ = {isa = PBXBuildFile; fileRef = E1F44014280D055C00246029 /* T12.cpp */; };
		E1F44018280D4B9600246029 /* Student.cpp in Sources */ = {isa = PBXBuildFile; fileRef = E1F44016280D4B9600246029 /* Student.cpp */; };
		E1F4401A280D4ED400246029 /* T13.cpp in Sources */ = {isa = PBXBuildFile; fileRef = E1F44019280D4ED400246029 /* T13.cpp */; };
		E1F4401C280E84CB00246029 /* T14.cpp in Sources */ = {isa = PBXBuildFile; fileRef = E1F4401B280E84CB00246029 /* T14.cpp */; };
		E1F4401E280E88F800246029 /* T15.cpp in Sources */ = {isa = PBXBuildFile; fileRef = E1F4401D280E88F800246029 /* T15.cpp */; };
		E1F44020280E99ED00246029 /* T16.cpp in Sources */ = {isa = PBXBuildFile; fileRef = E1F4401F280E99ED00246029 /* T16.cpp */; };
		E1F44026280FD6AE00246029 /* T17Student.cpp in Sources */ = {isa = PBXBuildFile; fileRef = E1F44024280FD6AE00246029 /* T17Student.cpp */; };
		E1F44028280FD8FB00246029 /* T17.cpp in Sources */ = {isa = PBXBuildFile; fileRef = E1F44027280FD8FB00246029 /* T17.cpp */; };
		E1F4402A28124B2700246029 /* T18.cpp in Sources */ = {isa = PBXBuildFile; fileRef = E1F4402928124B2700246029 /* T18.cpp */; };
		E1F4402C28124F9F00246029 /* T19.cpp in Sources */ = {isa = PBXBuildFile; fileRef = E1F4402B28124F9F00246029 /* T19.cpp */; };
		E1F4402F28124FE800246029 /* T19Class.cpp in Sources */ = {isa = PBXBuildFile; fileRef = E1F4402D28124FE800246029 /* T19Class.cpp */; };
		E1F4403128127DE000246029 /* T20.cpp in Sources */ = {isa = PBXBuildFile; fileRef = E1F4403028127DE000246029 /* T20.cpp */; };
		E1F4403428127DEE00246029 /* T20Class.cpp in Sources */ = {isa = PBXBuildFile; fileRef = E1F4403228127DEE00246029 /* T20Class.cpp */; };
		E1F44037281285BA00246029 /* T21Class.cpp in Sources */ = {isa = PBXBuildFile; fileRef = E1F44035281285BA00246029 /* T21Class.cpp */; };
		E1F4403A28128B5300246029 /* T22.cpp in Sources */ = {isa = PBXBuildFile; fileRef = E1F4403828128B5300246029 /* T22.cpp */; };
		E1F4403C2812A55300246029 /* T23.cpp in Sources */ = {isa = PBXBuildFile; fileRef = E1F4403B2812A55300246029 /* T23.cpp */; };
		E1F4403E2812A9B000246029 /* T24.cpp in Sources */ = {isa = PBXBuildFile; fileRef = E1F4403D2812A9B000246029 /* T24.cpp */; };
/* End PBXBuildFile section */

/* Begin PBXCopyFilesBuildPhase section */
		E1F43FF42807F43100246029 /* CopyFiles */ = {
			isa = PBXCopyFilesBuildPhase;
			buildActionMask = 2147483647;
			dstPath = /usr/share/man/man1/;
			dstSubfolderSpec = 0;
			files = (
			);
			runOnlyForDeploymentPostprocessing = 1;
		};
/* End PBXCopyFilesBuildPhase section */

/* Begin PBXFileReference section */
		E1F43FF62807F43100246029 /* c_learn */ = {isa = PBXFileReference; explicitFileType = "compiled.mach-o.executable"; includeInIndex = 0; path = c_learn; sourceTree = BUILT_PRODUCTS_DIR; };
		E1F440012808003D00246029 /* T4.c */ = {isa = PBXFileReference; lastKnownFileType = sourcecode.c.c; path = T4.c; sourceTree = "<group>"; };
		E1F440032808063700246029 /* T5.c */ = {isa = PBXFileReference; lastKnownFileType = sourcecode.c.c; path = T5.c; sourceTree = "<group>"; };
		E1F440052808082C00246029 /* T6.c */ = {isa = PBXFileReference; lastKnownFileType = sourcecode.c.c; path = T6.c; sourceTree = "<group>"; };
		E1F440092808203300246029 /* T7.c */ = {isa = PBXFileReference; lastKnownFileType = sourcecode.c.c; path = T7.c; sourceTree = "<group>"; };
		E1F4400B28082CA600246029 /* T8.c */ = {isa = PBXFileReference; lastKnownFileType = sourcecode.c.c; path = T8.c; sourceTree = "<group>"; };
		E1F4400D2808412900246029 /* T9.c */ = {isa = PBXFileReference; lastKnownFileType = sourcecode.c.c; path = T9.c; sourceTree = "<group>"; };
		E1F440102809482600246029 /* T10.c */ = {isa = PBXFileReference; lastKnownFileType = sourcecode.c.c; path = T10.c; sourceTree = "<group>"; };
		E1F440122809508600246029 /* T11.c */ = {isa = PBXFileReference; lastKnownFileType = sourcecode.c.c; path = T11.c; sourceTree = "<group>"; };
		E1F44014280D055C00246029 /* T12.cpp */ = {isa = PBXFileReference; lastKnownFileType = sourcecode.cpp.cpp; path = T12.cpp; sourceTree = "<group>"; };
		E1F44016280D4B9600246029 /* Student.cpp */ = {isa = PBXFileReference; lastKnownFileType = sourcecode.cpp.cpp; path = Student.cpp; sourceTree = "<group>"; };
		E1F44017280D4B9600246029 /* Student.hpp */ = {isa = PBXFileReference; lastKnownFileType = sourcecode.cpp.h; path = Student.hpp; sourceTree = "<group>"; };
		E1F44019280D4ED400246029 /* T13.cpp */ = {isa = PBXFileReference; lastKnownFileType = sourcecode.cpp.cpp; path = T13.cpp; sourceTree = "<group>"; };
		E1F4401B280E84CB00246029 /* T14.cpp */ = {isa = PBXFileReference; lastKnownFileType = sourcecode.cpp.cpp; path = T14.cpp; sourceTree = "<group>"; };
		E1F4401D280E88F800246029 /* T15.cpp */ = {isa = PBXFileReference; lastKnownFileType = sourcecode.cpp.cpp; path = T15.cpp; sourceTree = "<group>"; };
		E1F4401F280E99ED00246029 /* T16.cpp */ = {isa = PBXFileReference; lastKnownFileType = sourcecode.cpp.cpp; path = T16.cpp; sourceTree = "<group>"; };
		E1F44024280FD6AE00246029 /* T17Student.cpp */ = {isa = PBXFileReference; lastKnownFileType = sourcecode.cpp.cpp; path = T17Student.cpp; sourceTree = "<group>"; };
		E1F44025280FD6AE00246029 /* T17Student.hpp */ = {isa = PBXFileReference; lastKnownFileType = sourcecode.cpp.h; path = T17Student.hpp; sourceTree = "<group>"; };
		E1F44027280FD8FB00246029 /* T17.cpp */ = {isa = PBXFileReference; lastKnownFileType = sourcecode.cpp.cpp; path = T17.cpp; sourceTree = "<group>"; };
		E1F4402928124B2700246029 /* T18.cpp */ = {isa = PBXFileReference; lastKnownFileType = sourcecode.cpp.cpp; path = T18.cpp; sourceTree = "<group>"; };
		E1F4402B28124F9F00246029 /* T19.cpp */ = {isa = PBXFileReference; lastKnownFileType = sourcecode.cpp.cpp; path = T19.cpp; sourceTree = "<group>"; };
		E1F4402D28124FE800246029 /* T19Class.cpp */ = {isa = PBXFileReference; lastKnownFileType = sourcecode.cpp.cpp; path = T19Class.cpp; sourceTree = "<group>"; };
		E1F4402E28124FE800246029 /* T19Class.hpp */ = {isa = PBXFileReference; lastKnownFileType = sourcecode.cpp.h; path = T19Class.hpp; sourceTree = "<group>"; };
		E1F4403028127DE000246029 /* T20.cpp */ = {isa = PBXFileReference; lastKnownFileType = sourcecode.cpp.cpp; path = T20.cpp; sourceTree = "<group>"; };
		E1F4403228127DEE00246029 /* T20Class.cpp */ = {isa = PBXFileReference; lastKnownFileType = sourcecode.cpp.cpp; path = T20Class.cpp; sourceTree = "<group>"; };
		E1F4403328127DEE00246029 /* T20Class.hpp */ = {isa = PBXFileReference; lastKnownFileType = sourcecode.cpp.h; path = T20Class.hpp; sourceTree = "<group>"; };
		E1F44035281285BA00246029 /* T21Class.cpp */ = {isa = PBXFileReference; lastKnownFileType = sourcecode.cpp.cpp; path = T21Class.cpp; sourceTree = "<group>"; };
		E1F44036281285BA00246029 /* T21Class.hpp */ = {isa = PBXFileReference; lastKnownFileType = sourcecode.cpp.h; path = T21Class.hpp; sourceTree = "<group>"; };
		E1F4403828128B5300246029 /* T22.cpp */ = {isa = PBXFileReference; lastKnownFileType = sourcecode.cpp.cpp; path = T22.cpp; sourceTree = "<group>"; };
		E1F4403928128B5300246029 /* T22.hpp */ = {isa = PBXFileReference; lastKnownFileType = sourcecode.cpp.h; path = T22.hpp; sourceTree = "<group>"; };
		E1F4403B2812A55300246029 /* T23.cpp */ = {isa = PBXFileReference; lastKnownFileType = sourcecode.cpp.cpp; path = T23.cpp; sourceTree = "<group>"; };
		E1F4403D2812A9B000246029 /* T24.cpp */ = {isa = PBXFileReference; lastKnownFileType = sourcecode.cpp.cpp; path = T24.cpp; sourceTree = "<group>"; };
/* End PBXFileReference section */

/* Begin PBXFrameworksBuildPhase section */
		E1F43FF32807F43100246029 /* Frameworks */ = {
			isa = PBXFrameworksBuildPhase;
			buildActionMask = 2147483647;
			files = (
			);
			runOnlyForDeploymentPostprocessing = 0;
		};
/* End PBXFrameworksBuildPhase section */

/* Begin PBXGroup section */
		E1F43FED2807F43100246029 = {
			isa = PBXGroup;
			children = (
				E1F43FF82807F43100246029 /* c_learn */,
				E1F43FF72807F43100246029 /* Products */,
			);
			sourceTree = "<group>";
		};
		E1F43FF72807F43100246029 /* Products */ = {
			isa = PBXGroup;
			children = (
				E1F43FF62807F43100246029 /* c_learn */,
			);
			name = Products;
			sourceTree = "<group>";
		};
		E1F43FF82807F43100246029 /* c_learn */ = {
			isa = PBXGroup;
			children = (
				E1F440012808003D00246029 /* T4.c */,
				E1F440032808063700246029 /* T5.c */,
				E1F440052808082C00246029 /* T6.c */,
				E1F440092808203300246029 /* T7.c */,
				E1F4400B28082CA600246029 /* T8.c */,
				E1F4400D2808412900246029 /* T9.c */,
				E1F440102809482600246029 /* T10.c */,
				E1F440122809508600246029 /* T11.c */,
				E1F44014280D055C00246029 /* T12.cpp */,
				E1F44016280D4B9600246029 /* Student.cpp */,
				E1F44017280D4B9600246029 /* Student.hpp */,
				E1F44019280D4ED400246029 /* T13.cpp */,
				E1F4401B280E84CB00246029 /* T14.cpp */,
				E1F4401D280E88F800246029 /* T15.cpp */,
				E1F4401F280E99ED00246029 /* T16.cpp */,
				E1F44024280FD6AE00246029 /* T17Student.cpp */,
				E1F44025280FD6AE00246029 /* T17Student.hpp */,
				E1F44027280FD8FB00246029 /* T17.cpp */,
				E1F4402928124B2700246029 /* T18.cpp */,
				E1F4402B28124F9F00246029 /* T19.cpp */,
				E1F4402D28124FE800246029 /* T19Class.cpp */,
				E1F4402E28124FE800246029 /* T19Class.hpp */,
				E1F4403028127DE000246029 /* T20.cpp */,
				E1F4403228127DEE00246029 /* T20Class.cpp */,
				E1F4403328127DEE00246029 /* T20Class.hpp */,
				E1F44035281285BA00246029 /* T21Class.cpp */,
				E1F44036281285BA00246029 /* T21Class.hpp */,
				E1F4403828128B5300246029 /* T22.cpp */,
				E1F4403928128B5300246029 /* T22.hpp */,
				E1F4403B2812A55300246029 /* T23.cpp */,
				E1F4403D2812A9B000246029 /* T24.cpp */,
			);
			path = c_learn;
			sourceTree = "<group>";
		};
/* End PBXGroup section */

/* Begin PBXNativeTarget section */
		E1F43FF52807F43100246029 /* c_learn */ = {
			isa = PBXNativeTarget;
			buildConfigurationList = E1F43FFD2807F43100246029 /* Build configuration list for PBXNativeTarget "c_learn" */;
			buildPhases = (
				E1F43FF22807F43100246029 /* Sources */,
				E1F43FF32807F43100246029 /* Frameworks */,
				E1F43FF42807F43100246029 /* CopyFiles */,
			);
			buildRules = (
			);
			dependencies = (
			);
			name = c_learn;
			productName = c_learn;
			productReference = E1F43FF62807F43100246029 /* c_learn */;
			productType = "com.apple.product-type.tool";
		};
/* End PBXNativeTarget section */

/* Begin PBXProject section */
		E1F43FEE2807F43100246029 /* Project object */ = {
			isa = PBXProject;
			attributes = {
				BuildIndependentTargetsInParallel = 1;
				LastUpgradeCheck = 1330;
				TargetAttributes = {
					E1F43FF52807F43100246029 = {
						CreatedOnToolsVersion = 13.3.1;
					};
				};
			};
			buildConfigurationList = E1F43FF12807F43100246029 /* Build configuration list for PBXProject "c_learn" */;
			compatibilityVersion = "Xcode 13.0";
			developmentRegion = en;
			hasScannedForEncodings = 0;
			knownRegions = (
				en,
				Base,
			);
			mainGroup = E1F43FED2807F43100246029;
			productRefGroup = E1F43FF72807F43100246029 /* Products */;
			projectDirPath = "";
			projectRoot = "";
			targets = (
				E1F43FF52807F43100246029 /* c_learn */,
			);
		};
/* End PBXProject section */

/* Begin PBXSourcesBuildPhase section */
		E1F43FF22807F43100246029 /* Sources */ = {
			isa = PBXSourcesBuildPhase;
			buildActionMask = 2147483647;
			files = (
				E1F44015280D055C00246029 /* T12.cpp in Sources */,
				E1F4400A2808203300246029 /* T7.c in Sources */,
				E1F440022808003D00246029 /* T4.c in Sources */,
				E1F4401E280E88F800246029 /* T15.cpp in Sources */,
				E1F4402F28124FE800246029 /* T19Class.cpp in Sources */,
				E1F44028280FD8FB00246029 /* T17.cpp in Sources */,
				E1F4403128127DE000246029 /* T20.cpp in Sources */,
				E1F44018280D4B9600246029 /* Student.cpp in Sources */,
				E1F44026280FD6AE00246029 /* T17Student.cpp in Sources */,
				E1F4403C2812A55300246029 /* T23.cpp in Sources */,
				E1F440042808063700246029 /* T5.c in Sources */,
				E1F440112809482600246029 /* T10.c in Sources */,
				E1F440132809508600246029 /* T11.c in Sources */,
				E1F440062808082C00246029 /* T6.c in Sources */,
				E1F4403A28128B5300246029 /* T22.cpp in Sources */,
				E1F44020280E99ED00246029 /* T16.cpp in Sources */,
				E1F4402C28124F9F00246029 /* T19.cpp in Sources */,
				E1F4403E2812A9B000246029 /* T24.cpp in Sources */,
				E1F4400E2808412900246029 /* T9.c in Sources */,
				E1F4401C280E84CB00246029 /* T14.cpp in Sources */,
				E1F4403428127DEE00246029 /* T20Class.cpp in Sources */,
				E1F44037281285BA00246029 /* T21Class.cpp in Sources */,
				E1F4401A280D4ED400246029 /* T13.cpp in Sources */,
				E1F4400C28082CA600246029 /* T8.c in Sources */,
				E1F4402A28124B2700246029 /* T18.cpp in Sources */,
			);
			runOnlyForDeploymentPostprocessing = 0;
		};
/* End PBXSourcesBuildPhase section */

/* Begin XCBuildConfiguration section */
		E1F43FFB2807F43100246029 /* Debug */ = {
			isa = XCBuildConfiguration;
			buildSettings = {
				ALWAYS_SEARCH_USER_PATHS = NO;
				CLANG_ANALYZER_NONNULL = YES;
				CLANG_ANALYZER_NUMBER_OBJECT_CONVERSION = YES_AGGRESSIVE;
				CLANG_CXX_LANGUAGE_STANDARD = "gnu++17";
				CLANG_ENABLE_MODULES = YES;
				CLANG_ENABLE_OBJC_ARC = YES;
				CLANG_ENABLE_OBJC_WEAK = YES;
				CLANG_WARN_BLOCK_CAPTURE_AUTORELEASING = YES;
				CLANG_WARN_BOOL_CONVERSION = YES;
				CLANG_WARN_COMMA = YES;
				CLANG_WARN_CONSTANT_CONVERSION = YES;
				CLANG_WARN_DEPRECATED_OBJC_IMPLEMENTATIONS = YES;
				CLANG_WARN_DIRECT_OBJC_ISA_USAGE = YES_ERROR;
				CLANG_WARN_DOCUMENTATION_COMMENTS = YES;
				CLANG_WARN_EMPTY_BODY = YES;
				CLANG_WARN_ENUM_CONVERSION = YES;
				CLANG_WARN_INFINITE_RECURSION = YES;
				CLANG_WARN_INT_CONVERSION = YES;
				CLANG_WARN_NON_LITERAL_NULL_CONVERSION = YES;
				CLANG_WARN_OBJC_IMPLICIT_RETAIN_SELF = YES;
				CLANG_WARN_OBJC_LITERAL_CONVERSION = YES;
				CLANG_WARN_OBJC_ROOT_CLASS = YES_ERROR;
				CLANG_WARN_QUOTED_INCLUDE_IN_FRAMEWORK_HEADER = YES;
				CLANG_WARN_RANGE_LOOP_ANALYSIS = YES;
				CLANG_WARN_STRICT_PROTOTYPES = YES;
				CLANG_WARN_SUSPICIOUS_MOVE = YES;
				CLANG_WARN_UNGUARDED_AVAILABILITY = YES_AGGRESSIVE;
				CLANG_WARN_UNREACHABLE_CODE = YES;
				CLANG_WARN__DUPLICATE_METHOD_MATCH = YES;
				COPY_PHASE_STRIP = NO;
				DEBUG_INFORMATION_FORMAT = dwarf;
				ENABLE_STRICT_OBJC_MSGSEND = YES;
				ENABLE_TESTABILITY = YES;
				GCC_C_LANGUAGE_STANDARD = gnu11;
				GCC_DYNAMIC_NO_PIC = NO;
				GCC_NO_COMMON_BLOCKS = YES;
				GCC_OPTIMIZATION_LEVEL = 0;
				GCC_PREPROCESSOR_DEFINITIONS = (
					"DEBUG=1",
					"$(inherited)",
				);
				GCC_WARN_64_TO_32_BIT_CONVERSION = YES;
				GCC_WARN_ABOUT_RETURN_TYPE = YES_ERROR;
				GCC_WARN_UNDECLARED_SELECTOR = YES;
				GCC_WARN_UNINITIALIZED_AUTOS = YES_AGGRESSIVE;
				GCC_WARN_UNUSED_FUNCTION = YES;
				GCC_WARN_UNUSED_VARIABLE = YES;
				MACOSX_DEPLOYMENT_TARGET = 12.3;
				MTL_ENABLE_DEBUG_INFO = INCLUDE_SOURCE;
				MTL_FAST_MATH = YES;
				ONLY_ACTIVE_ARCH = YES;
				SDKROOT = macosx;
			};
			name = Debug;
		};
		E1F43FFC2807F43100246029 /* Release */ = {
			isa = XCBuildConfiguration;
			buildSettings = {
				ALWAYS_SEARCH_USER_PATHS = NO;
				CLANG_ANALYZER_NONNULL = YES;
				CLANG_ANALYZER_NUMBER_OBJECT_CONVERSION = YES_AGGRESSIVE;
				CLANG_CXX_LANGUAGE_STANDARD = "gnu++17";
				CLANG_ENABLE_MODULES = YES;
				CLANG_ENABLE_OBJC_ARC = YES;
				CLANG_ENABLE_OBJC_WEAK = YES;
				CLANG_WARN_BLOCK_CAPTURE_AUTORELEASING = YES;
				CLANG_WARN_BOOL_CONVERSION = YES;
				CLANG_WARN_COMMA = YES;
				CLANG_WARN_CONSTANT_CONVERSION = YES;
				CLANG_WARN_DEPRECATED_OBJC_IMPLEMENTATIONS = YES;
				CLANG_WARN_DIRECT_OBJC_ISA_USAGE = YES_ERROR;
				CLANG_WARN_DOCUMENTATION_COMMENTS = YES;
				CLANG_WARN_EMPTY_BODY = YES;
				CLANG_WARN_ENUM_CONVERSION = YES;
				CLANG_WARN_INFINITE_RECURSION = YES;
				CLANG_WARN_INT_CONVERSION = YES;
				CLANG_WARN_NON_LITERAL_NULL_CONVERSION = YES;
				CLANG_WARN_OBJC_IMPLICIT_RETAIN_SELF = YES;
				CLANG_WARN_OBJC_LITERAL_CONVERSION = YES;
				CLANG_WARN_OBJC_ROOT_CLASS = YES_ERROR;
				CLANG_WARN_QUOTED_INCLUDE_IN_FRAMEWORK_HEADER = YES;
				CLANG_WARN_RANGE_LOOP_ANALYSIS = YES;
				CLANG_WARN_STRICT_PROTOTYPES = YES;
				CLANG_WARN_SUSPICIOUS_MOVE = YES;
				CLANG_WARN_UNGUARDED_AVAILABILITY = YES_AGGRESSIVE;
				CLANG_WARN_UNREACHABLE_CODE = YES;
				CLANG_WARN__DUPLICATE_METHOD_MATCH = YES;
				COPY_PHASE_STRIP = NO;
				DEBUG_INFORMATION_FORMAT = "dwarf-with-dsym";
				ENABLE_NS_ASSERTIONS = NO;
				ENABLE_STRICT_OBJC_MSGSEND = YES;
				GCC_C_LANGUAGE_STANDARD = gnu11;
				GCC_NO_COMMON_BLOCKS = YES;
				GCC_WARN_64_TO_32_BIT_CONVERSION = YES;
				GCC_WARN_ABOUT_RETURN_TYPE = YES_ERROR;
				GCC_WARN_UNDECLARED_SELECTOR = YES;
				GCC_WARN_UNINITIALIZED_AUTOS = YES_AGGRESSIVE;
				GCC_WARN_UNUSED_FUNCTION = YES;
				GCC_WARN_UNUSED_VARIABLE = YES;
				MACOSX_DEPLOYMENT_TARGET = 12.3;
				MTL_ENABLE_DEBUG_INFO = NO;
				MTL_FAST_MATH = YES;
				SDKROOT = macosx;
			};
			name = Release;
		};
		E1F43FFE2807F43100246029 /* Debug */ = {
			isa = XCBuildConfiguration;
			buildSettings = {
				CODE_SIGN_STYLE = Automatic;
				PRODUCT_NAME = "$(TARGET_NAME)";
			};
			name = Debug;
		};
		E1F43FFF2807F43100246029 /* Release */ = {
			isa = XCBuildConfiguration;
			buildSettings = {
				CODE_SIGN_STYLE = Automatic;
				PRODUCT_NAME = "$(TARGET_NAME)";
			};
			name = Release;
		};
/* End XCBuildConfiguration section */

/* Begin XCConfigurationList section */
		E1F43FF12807F43100246029 /* Build configuration list for PBXProject "c_learn" */ = {
			isa = XCConfigurationList;
			buildConfigurations = (
				E1F43FFB2807F43100246029 /* Debug */,
				E1F43FFC2807F43100246029 /* Release */,
			);
			defaultConfigurationIsVisible = 0;
			defaultConfigurationName = Release;
		};
		E1F43FFD2807F43100246029 /* Build configuration list for PBXNativeTarget "c_learn" */ = {
			isa = XCConfigurationList;
			buildConfigurations = (
				E1F43FFE2807F43100246029 /* Debug */,
				E1F43FFF2807F43100246029 /* Release */,
			);
			defaultConfigurationIsVisible = 0;
			defaultConfigurationName = Release;
		};
/* End XCConfigurationList section */
	};
	rootObject = E1F43FEE2807F43100246029 /* Project object */;
}
